
Microsoft Visual Studio Solution File, Format Version 12.00
# Visual Studio Version 16
VisualStudioVersion = 16.0.31313.79
MinimumVisualStudioVersion = 10.0.40219.1
Project("{FAE04EC0-301F-11D3-BF4B-00C04F79EFBC}") = "GamerShop.Data", "GamerShop.Data\GamerShop.Data.csproj", "{2F9277E3-6F40-4EFC-8C43-019E5561C856}"
EndProject
Project("{FAE04EC0-301F-11D3-BF4B-00C04F79EFBC}") = "GamerShop.Entities", "GamerShop.Entities\GamerShop.Entities.csproj", "{C54B247F-7FB7-45AA-B812-DDF1FEEE7B28}"
EndProject
Project("{FAE04EC0-301F-11D3-BF4B-00C04F79EFBC}") = "GamerShop.Logic", "GamerShop.Logic\GamerShop.Logic.csproj", "{54EDEF5E-DDA3-4C2C-A06F-25847337F6F3}"
EndProject
Project("{FAE04EC0-301F-11D3-BF4B-00C04F79EFBC}") = "GamerShop.MVC", "GamerShop.MVC\GamerShop.MVC.csproj", "{F678157D-E36A-43C5-A59B-5F0AE328F616}"
EndProject
Global
	GlobalSection(SolutionConfigurationPlatforms) = preSolution
		Debug|Any CPU = Debug|Any CPU
		Release|Any CPU = Release|Any CPU
	EndGlobalSection
	GlobalSection(ProjectConfigurationPlatforms) = postSolution
		{2F9277E3-6F40-4EFC-8C43-019E5561C856}.Debug|Any CPU.ActiveCfg = Debug|Any CPU
		{2F9277E3-6F40-4EFC-8C43-019E5561C856}.Debug|Any CPU.Build.0 = Debug|Any CPU
		{2F9277E3-6F40-4EFC-8C43-019E5561C856}.Release|Any CPU.ActiveCfg = Release|Any CPU
		{2F9277E3-6F40-4EFC-8C43-019E5561C856}.Release|Any CPU.Build.0 = Release|Any CPU
		{C54B247F-7FB7-45AA-B812-DDF1FEEE7B28}.Debug|Any CPU.ActiveCfg = Debug|Any CPU
		{C54B247F-7FB7-45AA-B812-DDF1FEEE7B28}.Debug|Any CPU.Build.0 = Debug|Any CPU
		{C54B247F-7FB7-45AA-B812-DDF1FEEE7B28}.Release|Any CPU.ActiveCfg = Release|Any CPU
		{C54B247F-7FB7-45AA-B812-DDF1FEEE7B28}.Release|Any CPU.Build.0 = Release|Any CPU
		{54EDEF5E-DDA3-4C2C-A06F-25847337F6F3}.Debug|Any CPU.ActiveCfg = Debug|Any CPU
		{54EDEF5E-DDA3-4C2C-A06F-25847337F6F3}.Debug|Any CPU.Build.0 = Debug|Any CPU
		{54EDEF5E-DDA3-4C2C-A06F-25847337F6F3}.Release|Any CPU.ActiveCfg = Release|Any CPU
		{54EDEF5E-DDA3-4C2C-A06F-25847337F6F3}.Release|Any CPU.Build.0 = Release|Any CPU
		{F678157D-E36A-43C5-A59B-5F0AE328F616}.Debug|Any CPU.ActiveCfg = Debug|Any CPU
		{F678157D-E36A-43C5-A59B-5F0AE328F616}.Debug|Any CPU.Build.0 = Debug|Any CPU
		{F678157D-E36A-43C5-A59B-5F0AE328F616}.Release|Any CPU.ActiveCfg = Release|Any CPU
		{F678157D-E36A-43C5-A59B-5F0AE328F616}.Release|Any CPU.Build.0 = Release|Any CPU
	EndGlobalSection
	GlobalSection(SolutionProperties) = preSolution
		HideSolutionNode = FALSE
	EndGlobalSection
	GlobalSection(ExtensibilityGlobals) = postSolution
		SolutionGuid = {3E4A99ED-6457-4E80-A28F-8A87BCC79757}
	EndGlobalSection
EndGlobal
